FORGE
  remote: http://forge.puppetlabs.com
  specs:
    example42/postfix (2.0.9)
      example42/puppi (>= 2.0.0)
    example42/puppi (2.1.9)
    puppetlabs/apt (1.4.2)
      puppetlabs/stdlib (>= 2.2.1)
    puppetlabs/ntp (3.0.3)
      puppetlabs/stdlib (>= 0.1.6)
    puppetlabs/stdlib (4.1.0)
    saz/sudo (3.0.3)
      puppetlabs/stdlib (>= 2.3.0)
    torrancew/cron (0.1.0)

DEPENDENCIES
  example42/postfix (>= 0)
  puppetlabs/apt (>= 0)
  puppetlabs/ntp (>= 0)
  puppetlabs/stdlib (>= 0)
  saz/sudo (>= 0)
  torrancew/cron (>= 0)

